schema: '2.0'
stages:
  data_separation:
    cmd: python src\data_separation.py
    deps:
    - path: data\processed\top_15_features.pkl
      hash: md5
      md5: a2a94791ef6c977a76afb622be42b0f8
      size: 158296
    - path: src\data_separation.py
      hash: md5
      md5: 8494e0f872a3dbc45bcf2d684c42734e
      size: 924
    outs:
    - path: data\processed\test.pkl
      hash: md5
      md5: 5079b1236cf2fd607c06acc525aced77
      size: 45418
    - path: data\processed\train.pkl
      hash: md5
      md5: 088e640439cd9adbd626a5b962080c4e
      size: 133131
  train:
    cmd: python src/train.py
    deps:
    - path: data\processed\train.pkl
      hash: md5
      md5: 088e640439cd9adbd626a5b962080c4e
      size: 133131
    - path: src/train.py
      hash: md5
      md5: c6f8dcf75492954477b4dee45ab55355
      size: 3230
    outs:
    - path: models\stack_reg.pkl
      hash: md5
      md5: d3859b61042eca7906908d7c34356de3
      size: 46568597
  test:
    cmd: python src\test.py
    deps:
    - path: data\processed\test.pkl
      hash: md5
      md5: 5079b1236cf2fd607c06acc525aced77
      size: 45418
    - path: models\stack_reg.pkl
      hash: md5
      md5: eeca850bc529fcca83ccd64fe1c68c37
      size: 46568620
    - path: src\test.py
      hash: md5
      md5: 9fe736ca65e94d3733de330c2e672e9d
      size: 1580
  preproc:
    cmd: python src/preproc.py
