schema: '2.0'
stages:
  data_separation:
    cmd: python src/data_separation.py
    deps:
    - path: data/ames_processed.pkl
      hash: md5
      md5: 1dc7e40c0e0904fbe3bcb2cc986b0081
      size: 158165
    - path: src/data_separation.py
      hash: md5
      md5: ff0691813d64b1300b4021967c80fe45
      size: 940
    outs:
    - path: data/processed/test.pkl
      hash: md5
      md5: def19887ff431c280e085e27cf4d3ab3
      size: 45384
    - path: data/processed/train.pkl
      hash: md5
      md5: 8cba4f815508fa4966192d12bab4e35d
      size: 133097
  train:
    cmd: python src/train.py
    deps:
    - path: data/processed/train.pkl
      hash: md5
      md5: 8cba4f815508fa4966192d12bab4e35d
      size: 133097
    - path: src/train.py
      hash: md5
      md5: 9c6a77f23bd2c75d9534ab5faa0c520e
      size: 3118
    outs:
    - path: models/stack_reg.pkl
      hash: md5
      md5: 24800beb8de8f65eab4274ac4ddc3040
      size: 46569783
  test:
    cmd: python src/test.py
    deps:
    - path: data/processed/test.pkl
      hash: md5
      md5: def19887ff431c280e085e27cf4d3ab3
      size: 45384
    - path: models/stack_reg.pkl
      hash: md5
      md5: 15f2e0b3b6394759dbec6073b204f288
      size: 46569806
    - path: src/test.py
      hash: md5
      md5: b27fe6f22473515617735bb929e3a294
      size: 1521
  preproc:
    cmd: python src/process.py
    deps:
    - path: src/config.py
      hash: md5
      md5: d5101b03cc94db27f72c472fc741049b
      size: 4368
    - path: src/process.py
      hash: md5
      md5: 575b3b359fbf5075afd40021eb3d417e
      size: 15507
    outs:
    - path: data/ames_processed.pkl
      hash: md5
      md5: 1dc7e40c0e0904fbe3bcb2cc986b0081
      size: 158165
